
Microsoft Visual Studio Solution File, Format Version 12.00
# Visual Studio Version 17
VisualStudioVersion = 17.12.35514.174
MinimumVisualStudioVersion = 10.0.40219.1
Project("{FAE04EC0-301F-11D3-BF4B-00C04F79EFBC}") = "JensenAuktion", "JensenAuktion\JensenAuktion.csproj", "{AB82C2C1-3753-4059-A282-689E5CE0C3EE}"
EndProject
Project("{FAE04EC0-301F-11D3-BF4B-00C04F79EFBC}") = "JensenAuctionBid.Tests", "JensenAuction.Tests\JensenAuctionBid.Tests.csproj", "{9144E07D-5169-4D65-A304-1F596F83E30A}"
EndProject
Global
	GlobalSection(SolutionConfigurationPlatforms) = preSolution
		Debug|Any CPU = Debug|Any CPU
		Release|Any CPU = Release|Any CPU
	EndGlobalSection
	GlobalSection(ProjectConfigurationPlatforms) = postSolution
		{AB82C2C1-3753-4059-A282-689E5CE0C3EE}.Debug|Any CPU.ActiveCfg = Debug|Any CPU
		{AB82C2C1-3753-4059-A282-689E5CE0C3EE}.Debug|Any CPU.Build.0 = Debug|Any CPU
		{AB82C2C1-3753-4059-A282-689E5CE0C3EE}.Release|Any CPU.ActiveCfg = Release|Any CPU
		{AB82C2C1-3753-4059-A282-689E5CE0C3EE}.Release|Any CPU.Build.0 = Release|Any CPU
		{9144E07D-5169-4D65-A304-1F596F83E30A}.Debug|Any CPU.ActiveCfg = Debug|Any CPU
		{9144E07D-5169-4D65-A304-1F596F83E30A}.Debug|Any CPU.Build.0 = Debug|Any CPU
		{9144E07D-5169-4D65-A304-1F596F83E30A}.Release|Any CPU.ActiveCfg = Release|Any CPU
		{9144E07D-5169-4D65-A304-1F596F83E30A}.Release|Any CPU.Build.0 = Release|Any CPU
	EndGlobalSection
	GlobalSection(SolutionProperties) = preSolution
		HideSolutionNode = FALSE
	EndGlobalSection
EndGlobal
